
Microsoft Visual Studio Solution File, Format Version 12.00
# Visual Studio Version 16
VisualStudioVersion = 16.0.30517.126
MinimumVisualStudioVersion = 10.0.40219.1
Project("{FAE04EC0-301F-11D3-BF4B-00C04F79EFBC}") = "CoronaVirus", "CoronaVirus\CoronaVirus.csproj", "{1AE2A085-B722-49FA-9083-83B16EAC876D}"
EndProject
Global
	GlobalSection(SolutionConfigurationPlatforms) = preSolution
		Debug|Any CPU = Debug|Any CPU
		Release|Any CPU = Release|Any CPU
	EndGlobalSection
	GlobalSection(ProjectConfigurationPlatforms) = postSolution
		{1AE2A085-B722-49FA-9083-83B16EAC876D}.Debug|Any CPU.ActiveCfg = Debug|Any CPU
		{1AE2A085-B722-49FA-9083-83B16EAC876D}.Debug|Any CPU.Build.0 = Debug|Any CPU
		{1AE2A085-B722-49FA-9083-83B16EAC876D}.Release|Any CPU.ActiveCfg = Release|Any CPU
		{1AE2A085-B722-49FA-9083-83B16EAC876D}.Release|Any CPU.Build.0 = Release|Any CPU
	EndGlobalSection
	GlobalSection(SolutionProperties) = preSolution
		HideSolutionNode = FALSE
	EndGlobalSection
	GlobalSection(ExtensibilityGlobals) = postSolution
		SolutionGuid = {66A53134-AAC1-48D7-B8FA-FFB8502A2FE4}
	EndGlobalSection
EndGlobal
